
Microsoft Visual Studio Solution File, Format Version 12.00
# Visual Studio 15
VisualStudioVersion = 15.0.28307.1022
MinimumVisualStudioVersion = 10.0.40219.1
Project("{FAE04EC0-301F-11D3-BF4B-00C04F79EFBC}") = "LayoutsXamarin.Android", "LayoutsXamarin\LayoutsXamarin.Android\LayoutsXamarin.Android.csproj", "{0DC027CA-B1BC-4D81-8D7E-1A56C221CFA7}"
EndProject
Project("{FAE04EC0-301F-11D3-BF4B-00C04F79EFBC}") = "LayoutsXamarin.iOS", "LayoutsXamarin\LayoutsXamarin.iOS\LayoutsXamarin.iOS.csproj", "{FFC90DEC-8F83-4B7A-8ECD-31DA3FD80C77}"
EndProject
Project("{FAE04EC0-301F-11D3-BF4B-00C04F79EFBC}") = "LayoutsXamarin.UWP", "LayoutsXamarin\LayoutsXamarin.UWP\LayoutsXamarin.UWP.csproj", "{C3330BCD-D713-4141-A07C-2F357EB2384C}"
EndProject
Project("{FAE04EC0-301F-11D3-BF4B-00C04F79EFBC}") = "LayoutsXamarin", "LayoutsXamarin\LayoutsXamarin\LayoutsXamarin.csproj", "{C2E57CF9-3DE9-4A32-A2DC-D068C32A1D5D}"
EndProject
Global
	GlobalSection(SolutionConfigurationPlatforms) = preSolution
		Ad-Hoc|Any CPU = Ad-Hoc|Any CPU
		Ad-Hoc|ARM = Ad-Hoc|ARM
		Ad-Hoc|iPhone = Ad-Hoc|iPhone
		Ad-Hoc|iPhoneSimulator = Ad-Hoc|iPhoneSimulator
		Ad-Hoc|x64 = Ad-Hoc|x64
		Ad-Hoc|x86 = Ad-Hoc|x86
		AppStore|Any CPU = AppStore|Any CPU
		AppStore|ARM = AppStore|ARM
		AppStore|iPhone = AppStore|iPhone
		AppStore|iPhoneSimulator = AppStore|iPhoneSimulator
		AppStore|x64 = AppStore|x64
		AppStore|x86 = AppStore|x86
		Debug|Any CPU = Debug|Any CPU
		Debug|ARM = Debug|ARM
		Debug|iPhone = Debug|iPhone
		Debug|iPhoneSimulator = Debug|iPhoneSimulator
		Debug|x64 = Debug|x64
		Debug|x86 = Debug|x86
		Release|Any CPU = Release|Any CPU
		Release|ARM = Release|ARM
		Release|iPhone = Release|iPhone
		Release|iPhoneSimulator = Release|iPhoneSimulator
		Release|x64 = Release|x64
		Release|x86 = Release|x86
	EndGlobalSection
	GlobalSection(ProjectConfigurationPlatforms) = postSolution
		{0DC027CA-B1BC-4D81-8D7E-1A56C221CFA7}.Ad-Hoc|Any CPU.ActiveCfg = Release|Any CPU
		{0DC027CA-B1BC-4D81-8D7E-1A56C221CFA7}.Ad-Hoc|Any CPU.Build.0 = Release|Any CPU
		{0DC027CA-B1BC-4D81-8D7E-1A56C221CFA7}.Ad-Hoc|Any CPU.Deploy.0 = Release|Any CPU
		{0DC027CA-B1BC-4D81-8D7E-1A56C221CFA7}.Ad-Hoc|ARM.ActiveCfg = Release|Any CPU
		{0DC027CA-B1BC-4D81-8D7E-1A56C221CFA7}.Ad-Hoc|ARM.Build.0 = Release|Any CPU
		{0DC027CA-B1BC-4D81-8D7E-1A56C221CFA7}.Ad-Hoc|ARM.Deploy.0 = Release|Any CPU
		{0DC027CA-B1BC-4D81-8D7E-1A56C221CFA7}.Ad-Hoc|iPhone.ActiveCfg = Release|Any CPU
		{0DC027CA-B1BC-4D81-8D7E-1A56C221CFA7}.Ad-Hoc|iPhone.Build.0 = Release|Any CPU
		{0DC027CA-B1BC-4D81-8D7E-1A56C221CFA7}.Ad-Hoc|iPhone.Deploy.0 = Release|Any CPU
		{0DC027CA-B1BC-4D81-8D7E-1A56C221CFA7}.Ad-Hoc|iPhoneSimulator.ActiveCfg = Release|Any CPU
		{0DC027CA-B1BC-4D81-8D7E-1A56C221CFA7}.Ad-Hoc|iPhoneSimulator.Build.0 = Release|Any CPU
		{0DC027CA-B1BC-4D81-8D7E-1A56C221CFA7}.Ad-Hoc|iPhoneSimulator.Deploy.0 = Release|Any CPU
		{0DC027CA-B1BC-4D81-8D7E-1A56C221CFA7}.Ad-Hoc|x64.ActiveCfg = Release|Any CPU
		{0DC027CA-B1BC-4D81-8D7E-1A56C221CFA7}.Ad-Hoc|x64.Build.0 = Release|Any CPU
		{0DC027CA-B1BC-4D81-8D7E-1A56C221CFA7}.Ad-Hoc|x64.Deploy.0 = Release|Any CPU
		{0DC027CA-B1BC-4D81-8D7E-1A56C221CFA7}.Ad-Hoc|x86.ActiveCfg = Release|Any CPU
		{0DC027CA-B1BC-4D81-8D7E-1A56C221CFA7}.Ad-Hoc|x86.Build.0 = Release|Any CPU
		{0DC027CA-B1BC-4D81-8D7E-1A56C221CFA7}.Ad-Hoc|x86.Deploy.0 = Release|Any CPU
		{0DC027CA-B1BC-4D81-8D7E-1A56C221CFA7}.AppStore|Any CPU.ActiveCfg = Release|Any CPU
		{0DC027CA-B1BC-4D81-8D7E-1A56C221CFA7}.AppStore|Any CPU.Build.0 = Release|Any CPU
		{0DC027CA-B1BC-4D81-8D7E-1A56C221CFA7}.AppStore|Any CPU.Deploy.0 = Release|Any CPU
		{0DC027CA-B1BC-4D81-8D7E-1A56C221CFA7}.AppStore|ARM.ActiveCfg = Release|Any CPU
		{0DC027CA-B1BC-4D81-8D7E-1A56C221CFA7}.AppStore|ARM.Build.0 = Release|Any CPU
		{0DC027CA-B1BC-4D81-8D7E-1A56C221CFA7}.AppStore|ARM.Deploy.0 = Release|Any CPU
		{0DC027CA-B1BC-4D81-8D7E-1A56C221CFA7}.AppStore|iPhone.ActiveCfg = Release|Any CPU
		{0DC027CA-B1BC-4D81-8D7E-1A56C221CFA7}.AppStore|iPhone.Build.0 = Release|Any CPU
		{0DC027CA-B1BC-4D81-8D7E-1A56C221CFA7}.AppStore|iPhone.Deploy.0 = Release|Any CPU
		{0DC027CA-B1BC-4D81-8D7E-1A56C221CFA7}.AppStore|iPhoneSimulator.ActiveCfg = Release|Any CPU
		{0DC027CA-B1BC-4D81-8D7E-1A56C221CFA7}.AppStore|iPhoneSimulator.Build.0 = Release|Any CPU
		{0DC027CA-B1BC-4D81-8D7E-1A56C221CFA7}.AppStore|iPhoneSimulator.Deploy.0 = Release|Any CPU
		{0DC027CA-B1BC-4D81-8D7E-1A56C221CFA7}.AppStore|x64.ActiveCfg = Release|Any CPU
		{0DC027CA-B1BC-4D81-8D7E-1A56C221CFA7}.AppStore|x64.Build.0 = Release|Any CPU
		{0DC027CA-B1BC-4D81-8D7E-1A56C221CFA7}.AppStore|x64.Deploy.0 = Release|Any CPU
		{0DC027CA-B1BC-4D81-8D7E-1A56C221CFA7}.AppStore|x86.ActiveCfg = Release|Any CPU
		{0DC027CA-B1BC-4D81-8D7E-1A56C221CFA7}.AppStore|x86.Build.0 = Release|Any CPU
		{0DC027CA-B1BC-4D81-8D7E-1A56C221CFA7}.AppStore|x86.Deploy.0 = Release|Any CPU
		{0DC027CA-B1BC-4D81-8D7E-1A56C221CFA7}.Debug|Any CPU.ActiveCfg = Debug|Any CPU
		{0DC027CA-B1BC-4D81-8D7E-1A56C221CFA7}.Debug|Any CPU.Build.0 = Debug|Any CPU
		{0DC027CA-B1BC-4D81-8D7E-1A56C221CFA7}.Debug|Any CPU.Deploy.0 = Debug|Any CPU
		{0DC027CA-B1BC-4D81-8D7E-1A56C221CFA7}.Debug|ARM.ActiveCfg = Debug|Any CPU
		{0DC027CA-B1BC-4D81-8D7E-1A56C221CFA7}.Debug|ARM.Build.0 = Debug|Any CPU
		{0DC027CA-B1BC-4D81-8D7E-1A56C221CFA7}.Debug|ARM.Deploy.0 = Debug|Any CPU
		{0DC027CA-B1BC-4D81-8D7E-1A56C221CFA7}.Debug|iPhone.ActiveCfg = Debug|Any CPU
		{0DC027CA-B1BC-4D81-8D7E-1A56C221CFA7}.Debug|iPhone.Build.0 = Debug|Any CPU
		{0DC027CA-B1BC-4D81-8D7E-1A56C221CFA7}.Debug|iPhone.Deploy.0 = Debug|Any CPU
		{0DC027CA-B1BC-4D81-8D7E-1A56C221CFA7}.Debug|iPhoneSimulator.ActiveCfg = Debug|Any CPU
		{0DC027CA-B1BC-4D81-8D7E-1A56C221CFA7}.Debug|iPhoneSimulator.Build.0 = Debug|Any CPU
		{0DC027CA-B1BC-4D81-8D7E-1A56C221CFA7}.Debug|iPhoneSimulator.Deploy.0 = Debug|Any CPU
		{0DC027CA-B1BC-4D81-8D7E-1A56C221CFA7}.Debug|x64.ActiveCfg = Debug|Any CPU
		{0DC027CA-B1BC-4D81-8D7E-1A56C221CFA7}.Debug|x64.Build.0 = Debug|Any CPU
		{0DC027CA-B1BC-4D81-8D7E-1A56C221CFA7}.Debug|x64.Deploy.0 = Debug|Any CPU
		{0DC027CA-B1BC-4D81-8D7E-1A56C221CFA7}.Debug|x86.ActiveCfg = Debug|Any CPU
		{0DC027CA-B1BC-4D81-8D7E-1A56C221CFA7}.Debug|x86.Build.0 = Debug|Any CPU
		{0DC027CA-B1BC-4D81-8D7E-1A56C221CFA7}.Debug|x86.Deploy.0 = Debug|Any CPU
		{0DC027CA-B1BC-4D81-8D7E-1A56C221CFA7}.Release|Any CPU.ActiveCfg = Release|Any CPU
		{0DC027CA-B1BC-4D81-8D7E-1A56C221CFA7}.Release|Any CPU.Build.0 = Release|Any CPU
		{0DC027CA-B1BC-4D81-8D7E-1A56C221CFA7}.Release|Any CPU.Deploy.0 = Release|Any CPU
		{0DC027CA-B1BC-4D81-8D7E-1A56C221CFA7}.Release|ARM.ActiveCfg = Release|Any CPU
		{0DC027CA-B1BC-4D81-8D7E-1A56C221CFA7}.Release|ARM.Build.0 = Release|Any CPU
		{0DC027CA-B1BC-4D81-8D7E-1A56C221CFA7}.Release|ARM.Deploy.0 = Release|Any CPU
		{0DC027CA-B1BC-4D81-8D7E-1A56C221CFA7}.Release|iPhone.ActiveCfg = Release|Any CPU
		{0DC027CA-B1BC-4D81-8D7E-1A56C221CFA7}.Release|iPhone.Build.0 = Release|Any CPU
		{0DC027CA-B1BC-4D81-8D7E-1A56C221CFA7}.Release|iPhone.Deploy.0 = Release|Any CPU
		{0DC027CA-B1BC-4D81-8D7E-1A56C221CFA7}.Release|iPhoneSimulator.ActiveCfg = Release|Any CPU
		{0DC027CA-B1BC-4D81-8D7E-1A56C221CFA7}.Release|iPhoneSimulator.Build.0 = Release|Any CPU
		{0DC027CA-B1BC-4D81-8D7E-1A56C221CFA7}.Release|iPhoneSimulator.Deploy.0 = Release|Any CPU
		{0DC027CA-B1BC-4D81-8D7E-1A56C221CFA7}.Release|x64.ActiveCfg = Release|Any CPU
		{0DC027CA-B1BC-4D81-8D7E-1A56C221CFA7}.Release|x64.Build.0 = Release|Any CPU
		{0DC027CA-B1BC-4D81-8D7E-1A56C221CFA7}.Release|x64.Deploy.0 = Release|Any CPU
		{0DC027CA-B1BC-4D81-8D7E-1A56C221CFA7}.Release|x86.ActiveCfg = Release|Any CPU
		{0DC027CA-B1BC-4D81-8D7E-1A56C221CFA7}.Release|x86.Build.0 = Release|Any CPU
		{0DC027CA-B1BC-4D81-8D7E-1A56C221CFA7}.Release|x86.Deploy.0 = Release|Any CPU
		{FFC90DEC-8F83-4B7A-8ECD-31DA3FD80C77}.Ad-Hoc|Any CPU.ActiveCfg = Ad-Hoc|iPhone
		{FFC90DEC-8F83-4B7A-8ECD-31DA3FD80C77}.Ad-Hoc|Any CPU.Build.0 = Ad-Hoc|iPhone
		{FFC90DEC-8F83-4B7A-8ECD-31DA3FD80C77}.Ad-Hoc|Any CPU.Deploy.0 = Ad-Hoc|iPhone
		{FFC90DEC-8F83-4B7A-8ECD-31DA3FD80C77}.Ad-Hoc|ARM.ActiveCfg = Ad-Hoc|iPhone
		{FFC90DEC-8F83-4B7A-8ECD-31DA3FD80C77}.Ad-Hoc|ARM.Build.0 = Ad-Hoc|iPhone
		{FFC90DEC-8F83-4B7A-8ECD-31DA3FD80C77}.Ad-Hoc|ARM.Deploy.0 = Ad-Hoc|iPhone
		{FFC90DEC-8F83-4B7A-8ECD-31DA3FD80C77}.Ad-Hoc|iPhone.ActiveCfg = Ad-Hoc|iPhone
		{FFC90DEC-8F83-4B7A-8ECD-31DA3FD80C77}.Ad-Hoc|iPhone.Build.0 = Ad-Hoc|iPhone
		{FFC90DEC-8F83-4B7A-8ECD-31DA3FD80C77}.Ad-Hoc|iPhone.Deploy.0 = Ad-Hoc|iPhone
		{FFC90DEC-8F83-4B7A-8ECD-31DA3FD80C77}.Ad-Hoc|iPhoneSimulator.ActiveCfg = Ad-Hoc|iPhoneSimulator
		{FFC90DEC-8F83-4B7A-8ECD-31DA3FD80C77}.Ad-Hoc|iPhoneSimulator.Build.0 = Ad-Hoc|iPhoneSimulator
		{FFC90DEC-8F83-4B7A-8ECD-31DA3FD80C77}.Ad-Hoc|iPhoneSimulator.Deploy.0 = Ad-Hoc|iPhoneSimulator
		{FFC90DEC-8F83-4B7A-8ECD-31DA3FD80C77}.Ad-Hoc|x64.ActiveCfg = Ad-Hoc|iPhone
		{FFC90DEC-8F83-4B7A-8ECD-31DA3FD80C77}.Ad-Hoc|x64.Build.0 = Ad-Hoc|iPhone
		{FFC90DEC-8F83-4B7A-8ECD-31DA3FD80C77}.Ad-Hoc|x64.Deploy.0 = Ad-Hoc|iPhone
		{FFC90DEC-8F83-4B7A-8ECD-31DA3FD80C77}.Ad-Hoc|x86.ActiveCfg = Ad-Hoc|iPhone
		{FFC90DEC-8F83-4B7A-8ECD-31DA3FD80C77}.Ad-Hoc|x86.Build.0 = Ad-Hoc|iPhone
		{FFC90DEC-8F83-4B7A-8ECD-31DA3FD80C77}.Ad-Hoc|x86.Deploy.0 = Ad-Hoc|iPhone
		{FFC90DEC-8F83-4B7A-8ECD-31DA3FD80C77}.AppStore|Any CPU.ActiveCfg = AppStore|iPhone
		{FFC90DEC-8F83-4B7A-8ECD-31DA3FD80C77}.AppStore|Any CPU.Build.0 = AppStore|iPhone
		{FFC90DEC-8F83-4B7A-8ECD-31DA3FD80C77}.AppStore|Any CPU.Deploy.0 = AppStore|iPhone
		{FFC90DEC-8F83-4B7A-8ECD-31DA3FD80C77}.AppStore|ARM.ActiveCfg = AppStore|iPhone
		{FFC90DEC-8F83-4B7A-8ECD-31DA3FD80C77}.AppStore|ARM.Build.0 = AppStore|iPhone
		{FFC90DEC-8F83-4B7A-8ECD-31DA3FD80C77}.AppStore|ARM.Deploy.0 = AppStore|iPhone
		{FFC90DEC-8F83-4B7A-8ECD-31DA3FD80C77}.AppStore|iPhone.ActiveCfg = AppStore|iPhone
		{FFC90DEC-8F83-4B7A-8ECD-31DA3FD80C77}.AppStore|iPhone.Build.0 = AppStore|iPhone
		{FFC90DEC-8F83-4B7A-8ECD-31DA3FD80C77}.AppStore|iPhone.Deploy.0 = AppStore|iPhone
		{FFC90DEC-8F83-4B7A-8ECD-31DA3FD80C77}.AppStore|iPhoneSimulator.ActiveCfg = AppStore|iPhoneSimulator
		{FFC90DEC-8F83-4B7A-8ECD-31DA3FD80C77}.AppStore|iPhoneSimulator.Build.0 = AppStore|iPhoneSimulator
		{FFC90DEC-8F83-4B7A-8ECD-31DA3FD80C77}.AppStore|iPhoneSimulator.Deploy.0 = AppStore|iPhoneSimulator
		{FFC90DEC-8F83-4B7A-8ECD-31DA3FD80C77}.AppStore|x64.ActiveCfg = AppStore|iPhone
		{FFC90DEC-8F83-4B7A-8ECD-31DA3FD80C77}.AppStore|x64.Build.0 = AppStore|iPhone
		{FFC90DEC-8F83-4B7A-8ECD-31DA3FD80C77}.AppStore|x64.Deploy.0 = AppStore|iPhone
		{FFC90DEC-8F83-4B7A-8ECD-31DA3FD80C77}.AppStore|x86.ActiveCfg = AppStore|iPhone
		{FFC90DEC-8F83-4B7A-8ECD-31DA3FD80C77}.AppStore|x86.Build.0 = AppStore|iPhone
		{FFC90DEC-8F83-4B7A-8ECD-31DA3FD80C77}.AppStore|x86.Deploy.0 = AppStore|iPhone
		{FFC90DEC-8F83-4B7A-8ECD-31DA3FD80C77}.Debug|Any CPU.ActiveCfg = Debug|iPhoneSimulator
		{FFC90DEC-8F83-4B7A-8ECD-31DA3FD80C77}.Debug|Any CPU.Build.0 = Debug|iPhoneSimulator
		{FFC90DEC-8F83-4B7A-8ECD-31DA3FD80C77}.Debug|Any CPU.Deploy.0 = Debug|iPhoneSimulator
		{FFC90DEC-8F83-4B7A-8ECD-31DA3FD80C77}.Debug|ARM.ActiveCfg = Debug|iPhone
		{FFC90DEC-8F83-4B7A-8ECD-31DA3FD80C77}.Debug|ARM.Build.0 = Debug|iPhone
		{FFC90DEC-8F83-4B7A-8ECD-31DA3FD80C77}.Debug|ARM.Deploy.0 = Debug|iPhone
		{FFC90DEC-8F83-4B7A-8ECD-31DA3FD80C77}.Debug|iPhone.ActiveCfg = Debug|iPhone
		{FFC90DEC-8F83-4B7A-8ECD-31DA3FD80C77}.Debug|iPhone.Build.0 = Debug|iPhone
		{FFC90DEC-8F83-4B7A-8ECD-31DA3FD80C77}.Debug|iPhone.Deploy.0 = Debug|iPhone
		{FFC90DEC-8F83-4B7A-8ECD-31DA3FD80C77}.Debug|iPhoneSimulator.ActiveCfg = Debug|iPhoneSimulator
		{FFC90DEC-8F83-4B7A-8ECD-31DA3FD80C77}.Debug|iPhoneSimulator.Build.0 = Debug|iPhoneSimulator
		{FFC90DEC-8F83-4B7A-8ECD-31DA3FD80C77}.Debug|iPhoneSimulator.Deploy.0 = Debug|iPhoneSimulator
		{FFC90DEC-8F83-4B7A-8ECD-31DA3FD80C77}.Debug|x64.ActiveCfg = Debug|iPhone
		{FFC90DEC-8F83-4B7A-8ECD-31DA3FD80C77}.Debug|x64.Build.0 = Debug|iPhone
		{FFC90DEC-8F83-4B7A-8ECD-31DA3FD80C77}.Debug|x64.Deploy.0 = Debug|iPhone
		{FFC90DEC-8F83-4B7A-8ECD-31DA3FD80C77}.Debug|x86.ActiveCfg = Debug|iPhone
		{FFC90DEC-8F83-4B7A-8ECD-31DA3FD80C77}.Debug|x86.Build.0 = Debug|iPhone
		{FFC90DEC-8F83-4B7A-8ECD-31DA3FD80C77}.Debug|x86.Deploy.0 = Debug|iPhone
		{FFC90DEC-8F83-4B7A-8ECD-31DA3FD80C77}.Release|Any CPU.ActiveCfg = Release|iPhone
		{FFC90DEC-8F83-4B7A-8ECD-31DA3FD80C77}.Release|Any CPU.Build.0 = Release|iPhone
		{FFC90DEC-8F83-4B7A-8ECD-31DA3FD80C77}.Release|Any CPU.Deploy.0 = Release|iPhone
		{FFC90DEC-8F83-4B7A-8ECD-31DA3FD80C77}.Release|ARM.ActiveCfg = Release|iPhone
		{FFC90DEC-8F83-4B7A-8ECD-31DA3FD80C77}.Release|ARM.Build.0 = Release|iPhone
		{FFC90DEC-8F83-4B7A-8ECD-31DA3FD80C77}.Release|ARM.Deploy.0 = Release|iPhone
		{FFC90DEC-8F83-4B7A-8ECD-31DA3FD80C77}.Release|iPhone.ActiveCfg = Release|iPhone
		{FFC90DEC-8F83-4B7A-8ECD-31DA3FD80C77}.Release|iPhone.Build.0 = Release|iPhone
		{FFC90DEC-8F83-4B7A-8ECD-31DA3FD80C77}.Release|iPhone.Deploy.0 = Release|iPhone
		{FFC90DEC-8F83-4B7A-8ECD-31DA3FD80C77}.Release|iPhoneSimulator.ActiveCfg = Release|iPhoneSimulator
		{FFC90DEC-8F83-4B7A-8ECD-31DA3FD80C77}.Release|iPhoneSimulator.Build.0 = Release|iPhoneSimulator
		{FFC90DEC-8F83-4B7A-8ECD-31DA3FD80C77}.Release|iPhoneSimulator.Deploy.0 = Release|iPhoneSimulator
		{FFC90DEC-8F83-4B7A-8ECD-31DA3FD80C77}.Release|x64.ActiveCfg = Release|iPhone
		{FFC90DEC-8F83-4B7A-8ECD-31DA3FD80C77}.Release|x64.Build.0 = Release|iPhone
		{FFC90DEC-8F83-4B7A-8ECD-31DA3FD80C77}.Release|x64.Deploy.0 = Release|iPhone
		{FFC90DEC-8F83-4B7A-8ECD-31DA3FD80C77}.Release|x86.ActiveCfg = Release|iPhone
		{FFC90DEC-8F83-4B7A-8ECD-31DA3FD80C77}.Release|x86.Build.0 = Release|iPhone
		{FFC90DEC-8F83-4B7A-8ECD-31DA3FD80C77}.Release|x86.Deploy.0 = Release|iPhone
		{C3330BCD-D713-4141-A07C-2F357EB2384C}.Ad-Hoc|Any CPU.ActiveCfg = Release|x86
		{C3330BCD-D713-4141-A07C-2F357EB2384C}.Ad-Hoc|Any CPU.Build.0 = Release|x86
		{C3330BCD-D713-4141-A07C-2F357EB2384C}.Ad-Hoc|Any CPU.Deploy.0 = Release|x86
		{C3330BCD-D713-4141-A07C-2F357EB2384C}.Ad-Hoc|ARM.ActiveCfg = Release|ARM
		{C3330BCD-D713-4141-A07C-2F357EB2384C}.Ad-Hoc|ARM.Build.0 = Release|ARM
		{C3330BCD-D713-4141-A07C-2F357EB2384C}.Ad-Hoc|ARM.Deploy.0 = Release|ARM
		{C3330BCD-D713-4141-A07C-2F357EB2384C}.Ad-Hoc|iPhone.ActiveCfg = Release|x86
		{C3330BCD-D713-4141-A07C-2F357EB2384C}.Ad-Hoc|iPhone.Build.0 = Release|x86
		{C3330BCD-D713-4141-A07C-2F357EB2384C}.Ad-Hoc|iPhone.Deploy.0 = Release|x86
		{C3330BCD-D713-4141-A07C-2F357EB2384C}.Ad-Hoc|iPhoneSimulator.ActiveCfg = Release|x86
		{C3330BCD-D713-4141-A07C-2F357EB2384C}.Ad-Hoc|iPhoneSimulator.Build.0 = Release|x86
		{C3330BCD-D713-4141-A07C-2F357EB2384C}.Ad-Hoc|iPhoneSimulator.Deploy.0 = Release|x86
		{C3330BCD-D713-4141-A07C-2F357EB2384C}.Ad-Hoc|x64.ActiveCfg = Release|x64
		{C3330BCD-D713-4141-A07C-2F357EB2384C}.Ad-Hoc|x64.Build.0 = Release|x64
		{C3330BCD-D713-4141-A07C-2F357EB2384C}.Ad-Hoc|x64.Deploy.0 = Release|x64
		{C3330BCD-D713-4141-A07C-2F357EB2384C}.Ad-Hoc|x86.ActiveCfg = Release|x86
		{C3330BCD-D713-4141-A07C-2F357EB2384C}.Ad-Hoc|x86.Build.0 = Release|x86
		{C3330BCD-D713-4141-A07C-2F357EB2384C}.Ad-Hoc|x86.Deploy.0 = Release|x86
		{C3330BCD-D713-4141-A07C-2F357EB2384C}.AppStore|Any CPU.ActiveCfg = Release|x86
		{C3330BCD-D713-4141-A07C-2F357EB2384C}.AppStore|Any CPU.Build.0 = Release|x86
		{C3330BCD-D713-4141-A07C-2F357EB2384C}.AppStore|Any CPU.Deploy.0 = Release|x86
		{C3330BCD-D713-4141-A07C-2F357EB2384C}.AppStore|ARM.ActiveCfg = Release|ARM
		{C3330BCD-D713-4141-A07C-2F357EB2384C}.AppStore|ARM.Build.0 = Release|ARM
		{C3330BCD-D713-4141-A07C-2F357EB2384C}.AppStore|ARM.Deploy.0 = Release|ARM
		{C3330BCD-D713-4141-A07C-2F357EB2384C}.AppStore|iPhone.ActiveCfg = Release|x86
		{C3330BCD-D713-4141-A07C-2F357EB2384C}.AppStore|iPhone.Build.0 = Release|x86
		{C3330BCD-D713-4141-A07C-2F357EB2384C}.AppStore|iPhone.Deploy.0 = Release|x86
		{C3330BCD-D713-4141-A07C-2F357EB2384C}.AppStore|iPhoneSimulator.ActiveCfg = Release|x86
		{C3330BCD-D713-4141-A07C-2F357EB2384C}.AppStore|iPhoneSimulator.Build.0 = Release|x86
		{C3330BCD-D713-4141-A07C-2F357EB2384C}.AppStore|iPhoneSimulator.Deploy.0 = Release|x86
		{C3330BCD-D713-4141-A07C-2F357EB2384C}.AppStore|x64.ActiveCfg = Release|x64
		{C3330BCD-D713-4141-A07C-2F357EB2384C}.AppStore|x64.Build.0 = Release|x64
		{C3330BCD-D713-4141-A07C-2F357EB2384C}.AppStore|x64.Deploy.0 = Release|x64
		{C3330BCD-D713-4141-A07C-2F357EB2384C}.AppStore|x86.ActiveCfg = Release|x86
		{C3330BCD-D713-4141-A07C-2F357EB2384C}.AppStore|x86.Build.0 = Release|x86
		{C3330BCD-D713-4141-A07C-2F357EB2384C}.AppStore|x86.Deploy.0 = Release|x86
		{C3330BCD-D713-4141-A07C-2F357EB2384C}.Debug|Any CPU.ActiveCfg = Debug|x86
		{C3330BCD-D713-4141-A07C-2F357EB2384C}.Debug|Any CPU.Build.0 = Debug|x86
		{C3330BCD-D713-4141-A07C-2F357EB2384C}.Debug|Any CPU.Deploy.0 = Debug|x86
		{C3330BCD-D713-4141-A07C-2F357EB2384C}.Debug|ARM.ActiveCfg = Debug|ARM
		{C3330BCD-D713-4141-A07C-2F357EB2384C}.Debug|ARM.Build.0 = Debug|ARM
		{C3330BCD-D713-4141-A07C-2F357EB2384C}.Debug|ARM.Deploy.0 = Debug|ARM
		{C3330BCD-D713-4141-A07C-2F357EB2384C}.Debug|iPhone.ActiveCfg = Debug|x86
		{C3330BCD-D713-4141-A07C-2F357EB2384C}.Debug|iPhone.Build.0 = Debug|x86
		{C3330BCD-D713-4141-A07C-2F357EB2384C}.Debug|iPhone.Deploy.0 = Debug|x86
		{C3330BCD-D713-4141-A07C-2F357EB2384C}.Debug|iPhoneSimulator.ActiveCfg = Debug|x86
		{C3330BCD-D713-4141-A07C-2F357EB2384C}.Debug|iPhoneSimulator.Build.0 = Debug|x86
		{C3330BCD-D713-4141-A07C-2F357EB2384C}.Debug|iPhoneSimulator.Deploy.0 = Debug|x86
		{C3330BCD-D713-4141-A07C-2F357EB2384C}.Debug|x64.ActiveCfg = Debug|x64
		{C3330BCD-D713-4141-A07C-2F357EB2384C}.Debug|x64.Build.0 = Debug|x64
		{C3330BCD-D713-4141-A07C-2F357EB2384C}.Debug|x64.Deploy.0 = Debug|x64
		{C3330BCD-D713-4141-A07C-2F357EB2384C}.Debug|x86.ActiveCfg = Debug|x86
		{C3330BCD-D713-4141-A07C-2F357EB2384C}.Debug|x86.Build.0 = Debug|x86
		{C3330BCD-D713-4141-A07C-2F357EB2384C}.Debug|x86.Deploy.0 = Debug|x86
		{C3330BCD-D713-4141-A07C-2F357EB2384C}.Release|Any CPU.ActiveCfg = Release|x86
		{C3330BCD-D713-4141-A07C-2F357EB2384C}.Release|Any CPU.Build.0 = Release|x86
		{C3330BCD-D713-4141-A07C-2F357EB2384C}.Release|Any CPU.Deploy.0 = Release|x86
		{C3330BCD-D713-4141-A07C-2F357EB2384C}.Release|ARM.ActiveCfg = Release|ARM
		{C3330BCD-D713-4141-A07C-2F357EB2384C}.Release|ARM.Build.0 = Release|ARM
		{C3330BCD-D713-4141-A07C-2F357EB2384C}.Release|ARM.Deploy.0 = Release|ARM
		{C3330BCD-D713-4141-A07C-2F357EB2384C}.Release|iPhone.ActiveCfg = Release|x86
		{C3330BCD-D713-4141-A07C-2F357EB2384C}.Release|iPhone.Build.0 = Release|x86
		{C3330BCD-D713-4141-A07C-2F357EB2384C}.Release|iPhone.Deploy.0 = Release|x86
		{C3330BCD-D713-4141-A07C-2F357EB2384C}.Release|iPhoneSimulator.ActiveCfg = Release|x86
		{C3330BCD-D713-4141-A07C-2F357EB2384C}.Release|iPhoneSimulator.Build.0 = Release|x86
		{C3330BCD-D713-4141-A07C-2F357EB2384C}.Release|iPhoneSimulator.Deploy.0 = Release|x86
		{C3330BCD-D713-4141-A07C-2F357EB2384C}.Release|x64.ActiveCfg = Release|x64
		{C3330BCD-D713-4141-A07C-2F357EB2384C}.Release|x64.Build.0 = Release|x64
		{C3330BCD-D713-4141-A07C-2F357EB2384C}.Release|x64.Deploy.0 = Release|x64
		{C3330BCD-D713-4141-A07C-2F357EB2384C}.Release|x86.ActiveCfg = Release|x86
		{C3330BCD-D713-4141-A07C-2F357EB2384C}.Release|x86.Build.0 = Release|x86
		{C3330BCD-D713-4141-A07C-2F357EB2384C}.Release|x86.Deploy.0 = Release|x86
		{C2E57CF9-3DE9-4A32-A2DC-D068C32A1D5D}.Ad-Hoc|Any CPU.ActiveCfg = Debug|Any CPU
		{C2E57CF9-3DE9-4A32-A2DC-D068C32A1D5D}.Ad-Hoc|Any CPU.Build.0 = Debug|Any CPU
		{C2E57CF9-3DE9-4A32-A2DC-D068C32A1D5D}.Ad-Hoc|Any CPU.Deploy.0 = Debug|Any CPU
		{C2E57CF9-3DE9-4A32-A2DC-D068C32A1D5D}.Ad-Hoc|ARM.ActiveCfg = Debug|Any CPU
		{C2E57CF9-3DE9-4A32-A2DC-D068C32A1D5D}.Ad-Hoc|ARM.Build.0 = Debug|Any CPU
		{C2E57CF9-3DE9-4A32-A2DC-D068C32A1D5D}.Ad-Hoc|ARM.Deploy.0 = Debug|Any CPU
		{C2E57CF9-3DE9-4A32-A2DC-D068C32A1D5D}.Ad-Hoc|iPhone.ActiveCfg = Debug|Any CPU
		{C2E57CF9-3DE9-4A32-A2DC-D068C32A1D5D}.Ad-Hoc|iPhone.Build.0 = Debug|Any CPU
		{C2E57CF9-3DE9-4A32-A2DC-D068C32A1D5D}.Ad-Hoc|iPhone.Deploy.0 = Debug|Any CPU
		{C2E57CF9-3DE9-4A32-A2DC-D068C32A1D5D}.Ad-Hoc|iPhoneSimulator.ActiveCfg = Debug|Any CPU
		{C2E57CF9-3DE9-4A32-A2DC-D068C32A1D5D}.Ad-Hoc|iPhoneSimulator.Build.0 = Debug|Any CPU
		{C2E57CF9-3DE9-4A32-A2DC-D068C32A1D5D}.Ad-Hoc|iPhoneSimulator.Deploy.0 = Debug|Any CPU
		{C2E57CF9-3DE9-4A32-A2DC-D068C32A1D5D}.Ad-Hoc|x64.ActiveCfg = Debug|Any CPU
		{C2E57CF9-3DE9-4A32-A2DC-D068C32A1D5D}.Ad-Hoc|x64.Build.0 = Debug|Any CPU
		{C2E57CF9-3DE9-4A32-A2DC-D068C32A1D5D}.Ad-Hoc|x64.Deploy.0 = Debug|Any CPU
		{C2E57CF9-3DE9-4A32-A2DC-D068C32A1D5D}.Ad-Hoc|x86.ActiveCfg = Debug|Any CPU
		{C2E57CF9-3DE9-4A32-A2DC-D068C32A1D5D}.Ad-Hoc|x86.Build.0 = Debug|Any CPU
		{C2E57CF9-3DE9-4A32-A2DC-D068C32A1D5D}.Ad-Hoc|x86.Deploy.0 = Debug|Any CPU
		{C2E57CF9-3DE9-4A32-A2DC-D068C32A1D5D}.AppStore|Any CPU.ActiveCfg = Debug|Any CPU
		{C2E57CF9-3DE9-4A32-A2DC-D068C32A1D5D}.AppStore|Any CPU.Build.0 = Debug|Any CPU
		{C2E57CF9-3DE9-4A32-A2DC-D068C32A1D5D}.AppStore|Any CPU.Deploy.0 = Debug|Any CPU
		{C2E57CF9-3DE9-4A32-A2DC-D068C32A1D5D}.AppStore|ARM.ActiveCfg = Debug|Any CPU
		{C2E57CF9-3DE9-4A32-A2DC-D068C32A1D5D}.AppStore|ARM.Build.0 = Debug|Any CPU
		{C2E57CF9-3DE9-4A32-A2DC-D068C32A1D5D}.AppStore|ARM.Deploy.0 = Debug|Any CPU
		{C2E57CF9-3DE9-4A32-A2DC-D068C32A1D5D}.AppStore|iPhone.ActiveCfg = Debug|Any CPU
		{C2E57CF9-3DE9-4A32-A2DC-D068C32A1D5D}.AppStore|iPhone.Build.0 = Debug|Any CPU
		{C2E57CF9-3DE9-4A32-A2DC-D068C32A1D5D}.AppStore|iPhone.Deploy.0 = Debug|Any CPU
		{C2E57CF9-3DE9-4A32-A2DC-D068C32A1D5D}.AppStore|iPhoneSimulator.ActiveCfg = Debug|Any CPU
		{C2E57CF9-3DE9-4A32-A2DC-D068C32A1D5D}.AppStore|iPhoneSimulator.Build.0 = Debug|Any CPU
		{C2E57CF9-3DE9-4A32-A2DC-D068C32A1D5D}.AppStore|iPhoneSimulator.Deploy.0 = Debug|Any CPU
		{C2E57CF9-3DE9-4A32-A2DC-D068C32A1D5D}.AppStore|x64.ActiveCfg = Debug|Any CPU
		{C2E57CF9-3DE9-4A32-A2DC-D068C32A1D5D}.AppStore|x64.Build.0 = Debug|Any CPU
		{C2E57CF9-3DE9-4A32-A2DC-D068C32A1D5D}.AppStore|x64.Deploy.0 = Debug|Any CPU
		{C2E57CF9-3DE9-4A32-A2DC-D068C32A1D5D}.AppStore|x86.ActiveCfg = Debug|Any CPU
		{C2E57CF9-3DE9-4A32-A2DC-D068C32A1D5D}.AppStore|x86.Build.0 = Debug|Any CPU
		{C2E57CF9-3DE9-4A32-A2DC-D068C32A1D5D}.AppStore|x86.Deploy.0 = Debug|Any CPU
		{C2E57CF9-3DE9-4A32-A2DC-D068C32A1D5D}.Debug|Any CPU.ActiveCfg = Debug|Any CPU
		{C2E57CF9-3DE9-4A32-A2DC-D068C32A1D5D}.Debug|Any CPU.Build.0 = Debug|Any CPU
		{C2E57CF9-3DE9-4A32-A2DC-D068C32A1D5D}.Debug|Any CPU.Deploy.0 = Debug|Any CPU
		{C2E57CF9-3DE9-4A32-A2DC-D068C32A1D5D}.Debug|ARM.ActiveCfg = Debug|Any CPU
		{C2E57CF9-3DE9-4A32-A2DC-D068C32A1D5D}.Debug|ARM.Build.0 = Debug|Any CPU
		{C2E57CF9-3DE9-4A32-A2DC-D068C32A1D5D}.Debug|ARM.Deploy.0 = Debug|Any CPU
		{C2E57CF9-3DE9-4A32-A2DC-D068C32A1D5D}.Debug|iPhone.ActiveCfg = Debug|Any CPU
		{C2E57CF9-3DE9-4A32-A2DC-D068C32A1D5D}.Debug|iPhone.Build.0 = Debug|Any CPU
		{C2E57CF9-3DE9-4A32-A2DC-D068C32A1D5D}.Debug|iPhone.Deploy.0 = Debug|Any CPU
		{C2E57CF9-3DE9-4A32-A2DC-D068C32A1D5D}.Debug|iPhoneSimulator.ActiveCfg = Debug|Any CPU
		{C2E57CF9-3DE9-4A32-A2DC-D068C32A1D5D}.Debug|iPhoneSimulator.Build.0 = Debug|Any CPU
		{C2E57CF9-3DE9-4A32-A2DC-D068C32A1D5D}.Debug|iPhoneSimulator.Deploy.0 = Debug|Any CPU
		{C2E57CF9-3DE9-4A32-A2DC-D068C32A1D5D}.Debug|x64.ActiveCfg = Debug|Any CPU
		{C2E57CF9-3DE9-4A32-A2DC-D068C32A1D5D}.Debug|x64.Build.0 = Debug|Any CPU
		{C2E57CF9-3DE9-4A32-A2DC-D068C32A1D5D}.Debug|x64.Deploy.0 = Debug|Any CPU
		{C2E57CF9-3DE9-4A32-A2DC-D068C32A1D5D}.Debug|x86.ActiveCfg = Debug|Any CPU
		{C2E57CF9-3DE9-4A32-A2DC-D068C32A1D5D}.Debug|x86.Build.0 = Debug|Any CPU
		{C2E57CF9-3DE9-4A32-A2DC-D068C32A1D5D}.Debug|x86.Deploy.0 = Debug|Any CPU
		{C2E57CF9-3DE9-4A32-A2DC-D068C32A1D5D}.Release|Any CPU.ActiveCfg = Release|Any CPU
		{C2E57CF9-3DE9-4A32-A2DC-D068C32A1D5D}.Release|Any CPU.Build.0 = Release|Any CPU
		{C2E57CF9-3DE9-4A32-A2DC-D068C32A1D5D}.Release|Any CPU.Deploy.0 = Release|Any CPU
		{C2E57CF9-3DE9-4A32-A2DC-D068C32A1D5D}.Release|ARM.ActiveCfg = Release|Any CPU
		{C2E57CF9-3DE9-4A32-A2DC-D068C32A1D5D}.Release|ARM.Build.0 = Release|Any CPU
		{C2E57CF9-3DE9-4A32-A2DC-D068C32A1D5D}.Release|ARM.Deploy.0 = Release|Any CPU
		{C2E57CF9-3DE9-4A32-A2DC-D068C32A1D5D}.Release|iPhone.ActiveCfg = Release|Any CPU
		{C2E57CF9-3DE9-4A32-A2DC-D068C32A1D5D}.Release|iPhone.Build.0 = Release|Any CPU
		{C2E57CF9-3DE9-4A32-A2DC-D068C32A1D5D}.Release|iPhone.Deploy.0 = Release|Any CPU
		{C2E57CF9-3DE9-4A32-A2DC-D068C32A1D5D}.Release|iPhoneSimulator.ActiveCfg = Release|Any CPU
		{C2E57CF9-3DE9-4A32-A2DC-D068C32A1D5D}.Release|iPhoneSimulator.Build.0 = Release|Any CPU
		{C2E57CF9-3DE9-4A32-A2DC-D068C32A1D5D}.Release|iPhoneSimulator.Deploy.0 = Release|Any CPU
		{C2E57CF9-3DE9-4A32-A2DC-D068C32A1D5D}.Release|x64.ActiveCfg = Release|Any CPU
		{C2E57CF9-3DE9-4A32-A2DC-D068C32A1D5D}.Release|x64.Build.0 = Release|Any CPU
		{C2E57CF9-3DE9-4A32-A2DC-D068C32A1D5D}.Release|x64.Deploy.0 = Release|Any CPU
		{C2E57CF9-3DE9-4A32-A2DC-D068C32A1D5D}.Release|x86.ActiveCfg = Release|Any CPU
		{C2E57CF9-3DE9-4A32-A2DC-D068C32A1D5D}.Release|x86.Build.0 = Release|Any CPU
		{C2E57CF9-3DE9-4A32-A2DC-D068C32A1D5D}.Release|x86.Deploy.0 = Release|Any CPU
	EndGlobalSection
	GlobalSection(SolutionProperties) = preSolution
		HideSolutionNode = FALSE
	EndGlobalSection
	GlobalSection(ExtensibilityGlobals) = postSolution
		SolutionGuid = {D9243B01-6F55-4760-9565-7F5733591472}
	EndGlobalSection
EndGlobal
