
Microsoft Visual Studio Solution File, Format Version 12.00
# Visual Studio 15
VisualStudioVersion = 15.0.28307.1022
MinimumVisualStudioVersion = 10.0.40219.1
Project("{FAE04EC0-301F-11D3-BF4B-00C04F79EFBC}") = "XFLayout.Android", "XFLayout\XFLayout.Android\XFLayout.Android.csproj", "{A6206A64-6C92-4FEB-B1F3-54C03E61D257}"
EndProject
Project("{FAE04EC0-301F-11D3-BF4B-00C04F79EFBC}") = "XFLayout.iOS", "XFLayout\XFLayout.iOS\XFLayout.iOS.csproj", "{3A4DB132-ADC1-4A66-9B61-1CF43C3FE446}"
EndProject
Project("{FAE04EC0-301F-11D3-BF4B-00C04F79EFBC}") = "XFLayout.UWP", "XFLayout\XFLayout.UWP\XFLayout.UWP.csproj", "{E831460F-E544-4E40-9A24-49E247BCC765}"
EndProject
Project("{FAE04EC0-301F-11D3-BF4B-00C04F79EFBC}") = "XFLayout", "XFLayout\XFLayout\XFLayout.csproj", "{CD5E1E2A-9924-4943-B408-E117DEB36870}"
EndProject
Global
	GlobalSection(SolutionConfigurationPlatforms) = preSolution
		Ad-Hoc|Any CPU = Ad-Hoc|Any CPU
		Ad-Hoc|ARM = Ad-Hoc|ARM
		Ad-Hoc|iPhone = Ad-Hoc|iPhone
		Ad-Hoc|iPhoneSimulator = Ad-Hoc|iPhoneSimulator
		Ad-Hoc|x64 = Ad-Hoc|x64
		Ad-Hoc|x86 = Ad-Hoc|x86
		AppStore|Any CPU = AppStore|Any CPU
		AppStore|ARM = AppStore|ARM
		AppStore|iPhone = AppStore|iPhone
		AppStore|iPhoneSimulator = AppStore|iPhoneSimulator
		AppStore|x64 = AppStore|x64
		AppStore|x86 = AppStore|x86
		Debug|Any CPU = Debug|Any CPU
		Debug|ARM = Debug|ARM
		Debug|iPhone = Debug|iPhone
		Debug|iPhoneSimulator = Debug|iPhoneSimulator
		Debug|x64 = Debug|x64
		Debug|x86 = Debug|x86
		Release|Any CPU = Release|Any CPU
		Release|ARM = Release|ARM
		Release|iPhone = Release|iPhone
		Release|iPhoneSimulator = Release|iPhoneSimulator
		Release|x64 = Release|x64
		Release|x86 = Release|x86
	EndGlobalSection
	GlobalSection(ProjectConfigurationPlatforms) = postSolution
		{A6206A64-6C92-4FEB-B1F3-54C03E61D257}.Ad-Hoc|Any CPU.ActiveCfg = Release|Any CPU
		{A6206A64-6C92-4FEB-B1F3-54C03E61D257}.Ad-Hoc|Any CPU.Build.0 = Release|Any CPU
		{A6206A64-6C92-4FEB-B1F3-54C03E61D257}.Ad-Hoc|Any CPU.Deploy.0 = Release|Any CPU
		{A6206A64-6C92-4FEB-B1F3-54C03E61D257}.Ad-Hoc|ARM.ActiveCfg = Release|Any CPU
		{A6206A64-6C92-4FEB-B1F3-54C03E61D257}.Ad-Hoc|ARM.Build.0 = Release|Any CPU
		{A6206A64-6C92-4FEB-B1F3-54C03E61D257}.Ad-Hoc|ARM.Deploy.0 = Release|Any CPU
		{A6206A64-6C92-4FEB-B1F3-54C03E61D257}.Ad-Hoc|iPhone.ActiveCfg = Release|Any CPU
		{A6206A64-6C92-4FEB-B1F3-54C03E61D257}.Ad-Hoc|iPhone.Build.0 = Release|Any CPU
		{A6206A64-6C92-4FEB-B1F3-54C03E61D257}.Ad-Hoc|iPhone.Deploy.0 = Release|Any CPU
		{A6206A64-6C92-4FEB-B1F3-54C03E61D257}.Ad-Hoc|iPhoneSimulator.ActiveCfg = Release|Any CPU
		{A6206A64-6C92-4FEB-B1F3-54C03E61D257}.Ad-Hoc|iPhoneSimulator.Build.0 = Release|Any CPU
		{A6206A64-6C92-4FEB-B1F3-54C03E61D257}.Ad-Hoc|iPhoneSimulator.Deploy.0 = Release|Any CPU
		{A6206A64-6C92-4FEB-B1F3-54C03E61D257}.Ad-Hoc|x64.ActiveCfg = Release|Any CPU
		{A6206A64-6C92-4FEB-B1F3-54C03E61D257}.Ad-Hoc|x64.Build.0 = Release|Any CPU
		{A6206A64-6C92-4FEB-B1F3-54C03E61D257}.Ad-Hoc|x64.Deploy.0 = Release|Any CPU
		{A6206A64-6C92-4FEB-B1F3-54C03E61D257}.Ad-Hoc|x86.ActiveCfg = Release|Any CPU
		{A6206A64-6C92-4FEB-B1F3-54C03E61D257}.Ad-Hoc|x86.Build.0 = Release|Any CPU
		{A6206A64-6C92-4FEB-B1F3-54C03E61D257}.Ad-Hoc|x86.Deploy.0 = Release|Any CPU
		{A6206A64-6C92-4FEB-B1F3-54C03E61D257}.AppStore|Any CPU.ActiveCfg = Release|Any CPU
		{A6206A64-6C92-4FEB-B1F3-54C03E61D257}.AppStore|Any CPU.Build.0 = Release|Any CPU
		{A6206A64-6C92-4FEB-B1F3-54C03E61D257}.AppStore|Any CPU.Deploy.0 = Release|Any CPU
		{A6206A64-6C92-4FEB-B1F3-54C03E61D257}.AppStore|ARM.ActiveCfg = Release|Any CPU
		{A6206A64-6C92-4FEB-B1F3-54C03E61D257}.AppStore|ARM.Build.0 = Release|Any CPU
		{A6206A64-6C92-4FEB-B1F3-54C03E61D257}.AppStore|ARM.Deploy.0 = Release|Any CPU
		{A6206A64-6C92-4FEB-B1F3-54C03E61D257}.AppStore|iPhone.ActiveCfg = Release|Any CPU
		{A6206A64-6C92-4FEB-B1F3-54C03E61D257}.AppStore|iPhone.Build.0 = Release|Any CPU
		{A6206A64-6C92-4FEB-B1F3-54C03E61D257}.AppStore|iPhone.Deploy.0 = Release|Any CPU
		{A6206A64-6C92-4FEB-B1F3-54C03E61D257}.AppStore|iPhoneSimulator.ActiveCfg = Release|Any CPU
		{A6206A64-6C92-4FEB-B1F3-54C03E61D257}.AppStore|iPhoneSimulator.Build.0 = Release|Any CPU
		{A6206A64-6C92-4FEB-B1F3-54C03E61D257}.AppStore|iPhoneSimulator.Deploy.0 = Release|Any CPU
		{A6206A64-6C92-4FEB-B1F3-54C03E61D257}.AppStore|x64.ActiveCfg = Release|Any CPU
		{A6206A64-6C92-4FEB-B1F3-54C03E61D257}.AppStore|x64.Build.0 = Release|Any CPU
		{A6206A64-6C92-4FEB-B1F3-54C03E61D257}.AppStore|x64.Deploy.0 = Release|Any CPU
		{A6206A64-6C92-4FEB-B1F3-54C03E61D257}.AppStore|x86.ActiveCfg = Release|Any CPU
		{A6206A64-6C92-4FEB-B1F3-54C03E61D257}.AppStore|x86.Build.0 = Release|Any CPU
		{A6206A64-6C92-4FEB-B1F3-54C03E61D257}.AppStore|x86.Deploy.0 = Release|Any CPU
		{A6206A64-6C92-4FEB-B1F3-54C03E61D257}.Debug|Any CPU.ActiveCfg = Debug|Any CPU
		{A6206A64-6C92-4FEB-B1F3-54C03E61D257}.Debug|Any CPU.Build.0 = Debug|Any CPU
		{A6206A64-6C92-4FEB-B1F3-54C03E61D257}.Debug|Any CPU.Deploy.0 = Debug|Any CPU
		{A6206A64-6C92-4FEB-B1F3-54C03E61D257}.Debug|ARM.ActiveCfg = Debug|Any CPU
		{A6206A64-6C92-4FEB-B1F3-54C03E61D257}.Debug|ARM.Build.0 = Debug|Any CPU
		{A6206A64-6C92-4FEB-B1F3-54C03E61D257}.Debug|ARM.Deploy.0 = Debug|Any CPU
		{A6206A64-6C92-4FEB-B1F3-54C03E61D257}.Debug|iPhone.ActiveCfg = Debug|Any CPU
		{A6206A64-6C92-4FEB-B1F3-54C03E61D257}.Debug|iPhone.Build.0 = Debug|Any CPU
		{A6206A64-6C92-4FEB-B1F3-54C03E61D257}.Debug|iPhone.Deploy.0 = Debug|Any CPU
		{A6206A64-6C92-4FEB-B1F3-54C03E61D257}.Debug|iPhoneSimulator.ActiveCfg = Debug|Any CPU
		{A6206A64-6C92-4FEB-B1F3-54C03E61D257}.Debug|iPhoneSimulator.Build.0 = Debug|Any CPU
		{A6206A64-6C92-4FEB-B1F3-54C03E61D257}.Debug|iPhoneSimulator.Deploy.0 = Debug|Any CPU
		{A6206A64-6C92-4FEB-B1F3-54C03E61D257}.Debug|x64.ActiveCfg = Debug|Any CPU
		{A6206A64-6C92-4FEB-B1F3-54C03E61D257}.Debug|x64.Build.0 = Debug|Any CPU
		{A6206A64-6C92-4FEB-B1F3-54C03E61D257}.Debug|x64.Deploy.0 = Debug|Any CPU
		{A6206A64-6C92-4FEB-B1F3-54C03E61D257}.Debug|x86.ActiveCfg = Debug|Any CPU
		{A6206A64-6C92-4FEB-B1F3-54C03E61D257}.Debug|x86.Build.0 = Debug|Any CPU
		{A6206A64-6C92-4FEB-B1F3-54C03E61D257}.Debug|x86.Deploy.0 = Debug|Any CPU
		{A6206A64-6C92-4FEB-B1F3-54C03E61D257}.Release|Any CPU.ActiveCfg = Release|Any CPU
		{A6206A64-6C92-4FEB-B1F3-54C03E61D257}.Release|Any CPU.Build.0 = Release|Any CPU
		{A6206A64-6C92-4FEB-B1F3-54C03E61D257}.Release|Any CPU.Deploy.0 = Release|Any CPU
		{A6206A64-6C92-4FEB-B1F3-54C03E61D257}.Release|ARM.ActiveCfg = Release|Any CPU
		{A6206A64-6C92-4FEB-B1F3-54C03E61D257}.Release|ARM.Build.0 = Release|Any CPU
		{A6206A64-6C92-4FEB-B1F3-54C03E61D257}.Release|ARM.Deploy.0 = Release|Any CPU
		{A6206A64-6C92-4FEB-B1F3-54C03E61D257}.Release|iPhone.ActiveCfg = Release|Any CPU
		{A6206A64-6C92-4FEB-B1F3-54C03E61D257}.Release|iPhone.Build.0 = Release|Any CPU
		{A6206A64-6C92-4FEB-B1F3-54C03E61D257}.Release|iPhone.Deploy.0 = Release|Any CPU
		{A6206A64-6C92-4FEB-B1F3-54C03E61D257}.Release|iPhoneSimulator.ActiveCfg = Release|Any CPU
		{A6206A64-6C92-4FEB-B1F3-54C03E61D257}.Release|iPhoneSimulator.Build.0 = Release|Any CPU
		{A6206A64-6C92-4FEB-B1F3-54C03E61D257}.Release|iPhoneSimulator.Deploy.0 = Release|Any CPU
		{A6206A64-6C92-4FEB-B1F3-54C03E61D257}.Release|x64.ActiveCfg = Release|Any CPU
		{A6206A64-6C92-4FEB-B1F3-54C03E61D257}.Release|x64.Build.0 = Release|Any CPU
		{A6206A64-6C92-4FEB-B1F3-54C03E61D257}.Release|x64.Deploy.0 = Release|Any CPU
		{A6206A64-6C92-4FEB-B1F3-54C03E61D257}.Release|x86.ActiveCfg = Release|Any CPU
		{A6206A64-6C92-4FEB-B1F3-54C03E61D257}.Release|x86.Build.0 = Release|Any CPU
		{A6206A64-6C92-4FEB-B1F3-54C03E61D257}.Release|x86.Deploy.0 = Release|Any CPU
		{3A4DB132-ADC1-4A66-9B61-1CF43C3FE446}.Ad-Hoc|Any CPU.ActiveCfg = Ad-Hoc|iPhone
		{3A4DB132-ADC1-4A66-9B61-1CF43C3FE446}.Ad-Hoc|Any CPU.Build.0 = Ad-Hoc|iPhone
		{3A4DB132-ADC1-4A66-9B61-1CF43C3FE446}.Ad-Hoc|Any CPU.Deploy.0 = Ad-Hoc|iPhone
		{3A4DB132-ADC1-4A66-9B61-1CF43C3FE446}.Ad-Hoc|ARM.ActiveCfg = Ad-Hoc|iPhone
		{3A4DB132-ADC1-4A66-9B61-1CF43C3FE446}.Ad-Hoc|ARM.Build.0 = Ad-Hoc|iPhone
		{3A4DB132-ADC1-4A66-9B61-1CF43C3FE446}.Ad-Hoc|ARM.Deploy.0 = Ad-Hoc|iPhone
		{3A4DB132-ADC1-4A66-9B61-1CF43C3FE446}.Ad-Hoc|iPhone.ActiveCfg = Ad-Hoc|iPhone
		{3A4DB132-ADC1-4A66-9B61-1CF43C3FE446}.Ad-Hoc|iPhone.Build.0 = Ad-Hoc|iPhone
		{3A4DB132-ADC1-4A66-9B61-1CF43C3FE446}.Ad-Hoc|iPhone.Deploy.0 = Ad-Hoc|iPhone
		{3A4DB132-ADC1-4A66-9B61-1CF43C3FE446}.Ad-Hoc|iPhoneSimulator.ActiveCfg = Ad-Hoc|iPhoneSimulator
		{3A4DB132-ADC1-4A66-9B61-1CF43C3FE446}.Ad-Hoc|iPhoneSimulator.Build.0 = Ad-Hoc|iPhoneSimulator
		{3A4DB132-ADC1-4A66-9B61-1CF43C3FE446}.Ad-Hoc|iPhoneSimulator.Deploy.0 = Ad-Hoc|iPhoneSimulator
		{3A4DB132-ADC1-4A66-9B61-1CF43C3FE446}.Ad-Hoc|x64.ActiveCfg = Ad-Hoc|iPhone
		{3A4DB132-ADC1-4A66-9B61-1CF43C3FE446}.Ad-Hoc|x64.Build.0 = Ad-Hoc|iPhone
		{3A4DB132-ADC1-4A66-9B61-1CF43C3FE446}.Ad-Hoc|x64.Deploy.0 = Ad-Hoc|iPhone
		{3A4DB132-ADC1-4A66-9B61-1CF43C3FE446}.Ad-Hoc|x86.ActiveCfg = Ad-Hoc|iPhone
		{3A4DB132-ADC1-4A66-9B61-1CF43C3FE446}.Ad-Hoc|x86.Build.0 = Ad-Hoc|iPhone
		{3A4DB132-ADC1-4A66-9B61-1CF43C3FE446}.Ad-Hoc|x86.Deploy.0 = Ad-Hoc|iPhone
		{3A4DB132-ADC1-4A66-9B61-1CF43C3FE446}.AppStore|Any CPU.ActiveCfg = AppStore|iPhone
		{3A4DB132-ADC1-4A66-9B61-1CF43C3FE446}.AppStore|Any CPU.Build.0 = AppStore|iPhone
		{3A4DB132-ADC1-4A66-9B61-1CF43C3FE446}.AppStore|Any CPU.Deploy.0 = AppStore|iPhone
		{3A4DB132-ADC1-4A66-9B61-1CF43C3FE446}.AppStore|ARM.ActiveCfg = AppStore|iPhone
		{3A4DB132-ADC1-4A66-9B61-1CF43C3FE446}.AppStore|ARM.Build.0 = AppStore|iPhone
		{3A4DB132-ADC1-4A66-9B61-1CF43C3FE446}.AppStore|ARM.Deploy.0 = AppStore|iPhone
		{3A4DB132-ADC1-4A66-9B61-1CF43C3FE446}.AppStore|iPhone.ActiveCfg = AppStore|iPhone
		{3A4DB132-ADC1-4A66-9B61-1CF43C3FE446}.AppStore|iPhone.Build.0 = AppStore|iPhone
		{3A4DB132-ADC1-4A66-9B61-1CF43C3FE446}.AppStore|iPhone.Deploy.0 = AppStore|iPhone
		{3A4DB132-ADC1-4A66-9B61-1CF43C3FE446}.AppStore|iPhoneSimulator.ActiveCfg = AppStore|iPhoneSimulator
		{3A4DB132-ADC1-4A66-9B61-1CF43C3FE446}.AppStore|iPhoneSimulator.Build.0 = AppStore|iPhoneSimulator
		{3A4DB132-ADC1-4A66-9B61-1CF43C3FE446}.AppStore|iPhoneSimulator.Deploy.0 = AppStore|iPhoneSimulator
		{3A4DB132-ADC1-4A66-9B61-1CF43C3FE446}.AppStore|x64.ActiveCfg = AppStore|iPhone
		{3A4DB132-ADC1-4A66-9B61-1CF43C3FE446}.AppStore|x64.Build.0 = AppStore|iPhone
		{3A4DB132-ADC1-4A66-9B61-1CF43C3FE446}.AppStore|x64.Deploy.0 = AppStore|iPhone
		{3A4DB132-ADC1-4A66-9B61-1CF43C3FE446}.AppStore|x86.ActiveCfg = AppStore|iPhone
		{3A4DB132-ADC1-4A66-9B61-1CF43C3FE446}.AppStore|x86.Build.0 = AppStore|iPhone
		{3A4DB132-ADC1-4A66-9B61-1CF43C3FE446}.AppStore|x86.Deploy.0 = AppStore|iPhone
		{3A4DB132-ADC1-4A66-9B61-1CF43C3FE446}.Debug|Any CPU.ActiveCfg = Debug|iPhoneSimulator
		{3A4DB132-ADC1-4A66-9B61-1CF43C3FE446}.Debug|Any CPU.Build.0 = Debug|iPhoneSimulator
		{3A4DB132-ADC1-4A66-9B61-1CF43C3FE446}.Debug|Any CPU.Deploy.0 = Debug|iPhoneSimulator
		{3A4DB132-ADC1-4A66-9B61-1CF43C3FE446}.Debug|ARM.ActiveCfg = Debug|iPhone
		{3A4DB132-ADC1-4A66-9B61-1CF43C3FE446}.Debug|ARM.Build.0 = Debug|iPhone
		{3A4DB132-ADC1-4A66-9B61-1CF43C3FE446}.Debug|ARM.Deploy.0 = Debug|iPhone
		{3A4DB132-ADC1-4A66-9B61-1CF43C3FE446}.Debug|iPhone.ActiveCfg = Debug|iPhone
		{3A4DB132-ADC1-4A66-9B61-1CF43C3FE446}.Debug|iPhone.Build.0 = Debug|iPhone
		{3A4DB132-ADC1-4A66-9B61-1CF43C3FE446}.Debug|iPhone.Deploy.0 = Debug|iPhone
		{3A4DB132-ADC1-4A66-9B61-1CF43C3FE446}.Debug|iPhoneSimulator.ActiveCfg = Debug|iPhoneSimulator
		{3A4DB132-ADC1-4A66-9B61-1CF43C3FE446}.Debug|iPhoneSimulator.Build.0 = Debug|iPhoneSimulator
		{3A4DB132-ADC1-4A66-9B61-1CF43C3FE446}.Debug|iPhoneSimulator.Deploy.0 = Debug|iPhoneSimulator
		{3A4DB132-ADC1-4A66-9B61-1CF43C3FE446}.Debug|x64.ActiveCfg = Debug|iPhone
		{3A4DB132-ADC1-4A66-9B61-1CF43C3FE446}.Debug|x64.Build.0 = Debug|iPhone
		{3A4DB132-ADC1-4A66-9B61-1CF43C3FE446}.Debug|x64.Deploy.0 = Debug|iPhone
		{3A4DB132-ADC1-4A66-9B61-1CF43C3FE446}.Debug|x86.ActiveCfg = Debug|iPhone
		{3A4DB132-ADC1-4A66-9B61-1CF43C3FE446}.Debug|x86.Build.0 = Debug|iPhone
		{3A4DB132-ADC1-4A66-9B61-1CF43C3FE446}.Debug|x86.Deploy.0 = Debug|iPhone
		{3A4DB132-ADC1-4A66-9B61-1CF43C3FE446}.Release|Any CPU.ActiveCfg = Release|iPhone
		{3A4DB132-ADC1-4A66-9B61-1CF43C3FE446}.Release|Any CPU.Build.0 = Release|iPhone
		{3A4DB132-ADC1-4A66-9B61-1CF43C3FE446}.Release|Any CPU.Deploy.0 = Release|iPhone
		{3A4DB132-ADC1-4A66-9B61-1CF43C3FE446}.Release|ARM.ActiveCfg = Release|iPhone
		{3A4DB132-ADC1-4A66-9B61-1CF43C3FE446}.Release|ARM.Build.0 = Release|iPhone
		{3A4DB132-ADC1-4A66-9B61-1CF43C3FE446}.Release|ARM.Deploy.0 = Release|iPhone
		{3A4DB132-ADC1-4A66-9B61-1CF43C3FE446}.Release|iPhone.ActiveCfg = Release|iPhone
		{3A4DB132-ADC1-4A66-9B61-1CF43C3FE446}.Release|iPhone.Build.0 = Release|iPhone
		{3A4DB132-ADC1-4A66-9B61-1CF43C3FE446}.Release|iPhone.Deploy.0 = Release|iPhone
		{3A4DB132-ADC1-4A66-9B61-1CF43C3FE446}.Release|iPhoneSimulator.ActiveCfg = Release|iPhoneSimulator
		{3A4DB132-ADC1-4A66-9B61-1CF43C3FE446}.Release|iPhoneSimulator.Build.0 = Release|iPhoneSimulator
		{3A4DB132-ADC1-4A66-9B61-1CF43C3FE446}.Release|iPhoneSimulator.Deploy.0 = Release|iPhoneSimulator
		{3A4DB132-ADC1-4A66-9B61-1CF43C3FE446}.Release|x64.ActiveCfg = Release|iPhone
		{3A4DB132-ADC1-4A66-9B61-1CF43C3FE446}.Release|x64.Build.0 = Release|iPhone
		{3A4DB132-ADC1-4A66-9B61-1CF43C3FE446}.Release|x64.Deploy.0 = Release|iPhone
		{3A4DB132-ADC1-4A66-9B61-1CF43C3FE446}.Release|x86.ActiveCfg = Release|iPhone
		{3A4DB132-ADC1-4A66-9B61-1CF43C3FE446}.Release|x86.Build.0 = Release|iPhone
		{3A4DB132-ADC1-4A66-9B61-1CF43C3FE446}.Release|x86.Deploy.0 = Release|iPhone
		{E831460F-E544-4E40-9A24-49E247BCC765}.Ad-Hoc|Any CPU.ActiveCfg = Release|x86
		{E831460F-E544-4E40-9A24-49E247BCC765}.Ad-Hoc|Any CPU.Build.0 = Release|x86
		{E831460F-E544-4E40-9A24-49E247BCC765}.Ad-Hoc|Any CPU.Deploy.0 = Release|x86
		{E831460F-E544-4E40-9A24-49E247BCC765}.Ad-Hoc|ARM.ActiveCfg = Release|ARM
		{E831460F-E544-4E40-9A24-49E247BCC765}.Ad-Hoc|ARM.Build.0 = Release|ARM
		{E831460F-E544-4E40-9A24-49E247BCC765}.Ad-Hoc|ARM.Deploy.0 = Release|ARM
		{E831460F-E544-4E40-9A24-49E247BCC765}.Ad-Hoc|iPhone.ActiveCfg = Release|x86
		{E831460F-E544-4E40-9A24-49E247BCC765}.Ad-Hoc|iPhone.Build.0 = Release|x86
		{E831460F-E544-4E40-9A24-49E247BCC765}.Ad-Hoc|iPhone.Deploy.0 = Release|x86
		{E831460F-E544-4E40-9A24-49E247BCC765}.Ad-Hoc|iPhoneSimulator.ActiveCfg = Release|x86
		{E831460F-E544-4E40-9A24-49E247BCC765}.Ad-Hoc|iPhoneSimulator.Build.0 = Release|x86
		{E831460F-E544-4E40-9A24-49E247BCC765}.Ad-Hoc|iPhoneSimulator.Deploy.0 = Release|x86
		{E831460F-E544-4E40-9A24-49E247BCC765}.Ad-Hoc|x64.ActiveCfg = Release|x64
		{E831460F-E544-4E40-9A24-49E247BCC765}.Ad-Hoc|x64.Build.0 = Release|x64
		{E831460F-E544-4E40-9A24-49E247BCC765}.Ad-Hoc|x64.Deploy.0 = Release|x64
		{E831460F-E544-4E40-9A24-49E247BCC765}.Ad-Hoc|x86.ActiveCfg = Release|x86
		{E831460F-E544-4E40-9A24-49E247BCC765}.Ad-Hoc|x86.Build.0 = Release|x86
		{E831460F-E544-4E40-9A24-49E247BCC765}.Ad-Hoc|x86.Deploy.0 = Release|x86
		{E831460F-E544-4E40-9A24-49E247BCC765}.AppStore|Any CPU.ActiveCfg = Release|x86
		{E831460F-E544-4E40-9A24-49E247BCC765}.AppStore|Any CPU.Build.0 = Release|x86
		{E831460F-E544-4E40-9A24-49E247BCC765}.AppStore|Any CPU.Deploy.0 = Release|x86
		{E831460F-E544-4E40-9A24-49E247BCC765}.AppStore|ARM.ActiveCfg = Release|ARM
		{E831460F-E544-4E40-9A24-49E247BCC765}.AppStore|ARM.Build.0 = Release|ARM
		{E831460F-E544-4E40-9A24-49E247BCC765}.AppStore|ARM.Deploy.0 = Release|ARM
		{E831460F-E544-4E40-9A24-49E247BCC765}.AppStore|iPhone.ActiveCfg = Release|x86
		{E831460F-E544-4E40-9A24-49E247BCC765}.AppStore|iPhone.Build.0 = Release|x86
		{E831460F-E544-4E40-9A24-49E247BCC765}.AppStore|iPhone.Deploy.0 = Release|x86
		{E831460F-E544-4E40-9A24-49E247BCC765}.AppStore|iPhoneSimulator.ActiveCfg = Release|x86
		{E831460F-E544-4E40-9A24-49E247BCC765}.AppStore|iPhoneSimulator.Build.0 = Release|x86
		{E831460F-E544-4E40-9A24-49E247BCC765}.AppStore|iPhoneSimulator.Deploy.0 = Release|x86
		{E831460F-E544-4E40-9A24-49E247BCC765}.AppStore|x64.ActiveCfg = Release|x64
		{E831460F-E544-4E40-9A24-49E247BCC765}.AppStore|x64.Build.0 = Release|x64
		{E831460F-E544-4E40-9A24-49E247BCC765}.AppStore|x64.Deploy.0 = Release|x64
		{E831460F-E544-4E40-9A24-49E247BCC765}.AppStore|x86.ActiveCfg = Release|x86
		{E831460F-E544-4E40-9A24-49E247BCC765}.AppStore|x86.Build.0 = Release|x86
		{E831460F-E544-4E40-9A24-49E247BCC765}.AppStore|x86.Deploy.0 = Release|x86
		{E831460F-E544-4E40-9A24-49E247BCC765}.Debug|Any CPU.ActiveCfg = Debug|x86
		{E831460F-E544-4E40-9A24-49E247BCC765}.Debug|Any CPU.Build.0 = Debug|x86
		{E831460F-E544-4E40-9A24-49E247BCC765}.Debug|Any CPU.Deploy.0 = Debug|x86
		{E831460F-E544-4E40-9A24-49E247BCC765}.Debug|ARM.ActiveCfg = Debug|ARM
		{E831460F-E544-4E40-9A24-49E247BCC765}.Debug|ARM.Build.0 = Debug|ARM
		{E831460F-E544-4E40-9A24-49E247BCC765}.Debug|ARM.Deploy.0 = Debug|ARM
		{E831460F-E544-4E40-9A24-49E247BCC765}.Debug|iPhone.ActiveCfg = Debug|x86
		{E831460F-E544-4E40-9A24-49E247BCC765}.Debug|iPhone.Build.0 = Debug|x86
		{E831460F-E544-4E40-9A24-49E247BCC765}.Debug|iPhone.Deploy.0 = Debug|x86
		{E831460F-E544-4E40-9A24-49E247BCC765}.Debug|iPhoneSimulator.ActiveCfg = Debug|x86
		{E831460F-E544-4E40-9A24-49E247BCC765}.Debug|iPhoneSimulator.Build.0 = Debug|x86
		{E831460F-E544-4E40-9A24-49E247BCC765}.Debug|iPhoneSimulator.Deploy.0 = Debug|x86
		{E831460F-E544-4E40-9A24-49E247BCC765}.Debug|x64.ActiveCfg = Debug|x64
		{E831460F-E544-4E40-9A24-49E247BCC765}.Debug|x64.Build.0 = Debug|x64
		{E831460F-E544-4E40-9A24-49E247BCC765}.Debug|x64.Deploy.0 = Debug|x64
		{E831460F-E544-4E40-9A24-49E247BCC765}.Debug|x86.ActiveCfg = Debug|x86
		{E831460F-E544-4E40-9A24-49E247BCC765}.Debug|x86.Build.0 = Debug|x86
		{E831460F-E544-4E40-9A24-49E247BCC765}.Debug|x86.Deploy.0 = Debug|x86
		{E831460F-E544-4E40-9A24-49E247BCC765}.Release|Any CPU.ActiveCfg = Release|x86
		{E831460F-E544-4E40-9A24-49E247BCC765}.Release|Any CPU.Build.0 = Release|x86
		{E831460F-E544-4E40-9A24-49E247BCC765}.Release|Any CPU.Deploy.0 = Release|x86
		{E831460F-E544-4E40-9A24-49E247BCC765}.Release|ARM.ActiveCfg = Release|ARM
		{E831460F-E544-4E40-9A24-49E247BCC765}.Release|ARM.Build.0 = Release|ARM
		{E831460F-E544-4E40-9A24-49E247BCC765}.Release|ARM.Deploy.0 = Release|ARM
		{E831460F-E544-4E40-9A24-49E247BCC765}.Release|iPhone.ActiveCfg = Release|x86
		{E831460F-E544-4E40-9A24-49E247BCC765}.Release|iPhone.Build.0 = Release|x86
		{E831460F-E544-4E40-9A24-49E247BCC765}.Release|iPhone.Deploy.0 = Release|x86
		{E831460F-E544-4E40-9A24-49E247BCC765}.Release|iPhoneSimulator.ActiveCfg = Release|x86
		{E831460F-E544-4E40-9A24-49E247BCC765}.Release|iPhoneSimulator.Build.0 = Release|x86
		{E831460F-E544-4E40-9A24-49E247BCC765}.Release|iPhoneSimulator.Deploy.0 = Release|x86
		{E831460F-E544-4E40-9A24-49E247BCC765}.Release|x64.ActiveCfg = Release|x64
		{E831460F-E544-4E40-9A24-49E247BCC765}.Release|x64.Build.0 = Release|x64
		{E831460F-E544-4E40-9A24-49E247BCC765}.Release|x64.Deploy.0 = Release|x64
		{E831460F-E544-4E40-9A24-49E247BCC765}.Release|x86.ActiveCfg = Release|x86
		{E831460F-E544-4E40-9A24-49E247BCC765}.Release|x86.Build.0 = Release|x86
		{E831460F-E544-4E40-9A24-49E247BCC765}.Release|x86.Deploy.0 = Release|x86
		{CD5E1E2A-9924-4943-B408-E117DEB36870}.Ad-Hoc|Any CPU.ActiveCfg = Debug|Any CPU
		{CD5E1E2A-9924-4943-B408-E117DEB36870}.Ad-Hoc|Any CPU.Build.0 = Debug|Any CPU
		{CD5E1E2A-9924-4943-B408-E117DEB36870}.Ad-Hoc|Any CPU.Deploy.0 = Debug|Any CPU
		{CD5E1E2A-9924-4943-B408-E117DEB36870}.Ad-Hoc|ARM.ActiveCfg = Debug|Any CPU
		{CD5E1E2A-9924-4943-B408-E117DEB36870}.Ad-Hoc|ARM.Build.0 = Debug|Any CPU
		{CD5E1E2A-9924-4943-B408-E117DEB36870}.Ad-Hoc|ARM.Deploy.0 = Debug|Any CPU
		{CD5E1E2A-9924-4943-B408-E117DEB36870}.Ad-Hoc|iPhone.ActiveCfg = Debug|Any CPU
		{CD5E1E2A-9924-4943-B408-E117DEB36870}.Ad-Hoc|iPhone.Build.0 = Debug|Any CPU
		{CD5E1E2A-9924-4943-B408-E117DEB36870}.Ad-Hoc|iPhone.Deploy.0 = Debug|Any CPU
		{CD5E1E2A-9924-4943-B408-E117DEB36870}.Ad-Hoc|iPhoneSimulator.ActiveCfg = Debug|Any CPU
		{CD5E1E2A-9924-4943-B408-E117DEB36870}.Ad-Hoc|iPhoneSimulator.Build.0 = Debug|Any CPU
		{CD5E1E2A-9924-4943-B408-E117DEB36870}.Ad-Hoc|iPhoneSimulator.Deploy.0 = Debug|Any CPU
		{CD5E1E2A-9924-4943-B408-E117DEB36870}.Ad-Hoc|x64.ActiveCfg = Debug|Any CPU
		{CD5E1E2A-9924-4943-B408-E117DEB36870}.Ad-Hoc|x64.Build.0 = Debug|Any CPU
		{CD5E1E2A-9924-4943-B408-E117DEB36870}.Ad-Hoc|x64.Deploy.0 = Debug|Any CPU
		{CD5E1E2A-9924-4943-B408-E117DEB36870}.Ad-Hoc|x86.ActiveCfg = Debug|Any CPU
		{CD5E1E2A-9924-4943-B408-E117DEB36870}.Ad-Hoc|x86.Build.0 = Debug|Any CPU
		{CD5E1E2A-9924-4943-B408-E117DEB36870}.Ad-Hoc|x86.Deploy.0 = Debug|Any CPU
		{CD5E1E2A-9924-4943-B408-E117DEB36870}.AppStore|Any CPU.ActiveCfg = Debug|Any CPU
		{CD5E1E2A-9924-4943-B408-E117DEB36870}.AppStore|Any CPU.Build.0 = Debug|Any CPU
		{CD5E1E2A-9924-4943-B408-E117DEB36870}.AppStore|Any CPU.Deploy.0 = Debug|Any CPU
		{CD5E1E2A-9924-4943-B408-E117DEB36870}.AppStore|ARM.ActiveCfg = Debug|Any CPU
		{CD5E1E2A-9924-4943-B408-E117DEB36870}.AppStore|ARM.Build.0 = Debug|Any CPU
		{CD5E1E2A-9924-4943-B408-E117DEB36870}.AppStore|ARM.Deploy.0 = Debug|Any CPU
		{CD5E1E2A-9924-4943-B408-E117DEB36870}.AppStore|iPhone.ActiveCfg = Debug|Any CPU
		{CD5E1E2A-9924-4943-B408-E117DEB36870}.AppStore|iPhone.Build.0 = Debug|Any CPU
		{CD5E1E2A-9924-4943-B408-E117DEB36870}.AppStore|iPhone.Deploy.0 = Debug|Any CPU
		{CD5E1E2A-9924-4943-B408-E117DEB36870}.AppStore|iPhoneSimulator.ActiveCfg = Debug|Any CPU
		{CD5E1E2A-9924-4943-B408-E117DEB36870}.AppStore|iPhoneSimulator.Build.0 = Debug|Any CPU
		{CD5E1E2A-9924-4943-B408-E117DEB36870}.AppStore|iPhoneSimulator.Deploy.0 = Debug|Any CPU
		{CD5E1E2A-9924-4943-B408-E117DEB36870}.AppStore|x64.ActiveCfg = Debug|Any CPU
		{CD5E1E2A-9924-4943-B408-E117DEB36870}.AppStore|x64.Build.0 = Debug|Any CPU
		{CD5E1E2A-9924-4943-B408-E117DEB36870}.AppStore|x64.Deploy.0 = Debug|Any CPU
		{CD5E1E2A-9924-4943-B408-E117DEB36870}.AppStore|x86.ActiveCfg = Debug|Any CPU
		{CD5E1E2A-9924-4943-B408-E117DEB36870}.AppStore|x86.Build.0 = Debug|Any CPU
		{CD5E1E2A-9924-4943-B408-E117DEB36870}.AppStore|x86.Deploy.0 = Debug|Any CPU
		{CD5E1E2A-9924-4943-B408-E117DEB36870}.Debug|Any CPU.ActiveCfg = Debug|Any CPU
		{CD5E1E2A-9924-4943-B408-E117DEB36870}.Debug|Any CPU.Build.0 = Debug|Any CPU
		{CD5E1E2A-9924-4943-B408-E117DEB36870}.Debug|Any CPU.Deploy.0 = Debug|Any CPU
		{CD5E1E2A-9924-4943-B408-E117DEB36870}.Debug|ARM.ActiveCfg = Debug|Any CPU
		{CD5E1E2A-9924-4943-B408-E117DEB36870}.Debug|ARM.Build.0 = Debug|Any CPU
		{CD5E1E2A-9924-4943-B408-E117DEB36870}.Debug|ARM.Deploy.0 = Debug|Any CPU
		{CD5E1E2A-9924-4943-B408-E117DEB36870}.Debug|iPhone.ActiveCfg = Debug|Any CPU
		{CD5E1E2A-9924-4943-B408-E117DEB36870}.Debug|iPhone.Build.0 = Debug|Any CPU
		{CD5E1E2A-9924-4943-B408-E117DEB36870}.Debug|iPhone.Deploy.0 = Debug|Any CPU
		{CD5E1E2A-9924-4943-B408-E117DEB36870}.Debug|iPhoneSimulator.ActiveCfg = Debug|Any CPU
		{CD5E1E2A-9924-4943-B408-E117DEB36870}.Debug|iPhoneSimulator.Build.0 = Debug|Any CPU
		{CD5E1E2A-9924-4943-B408-E117DEB36870}.Debug|iPhoneSimulator.Deploy.0 = Debug|Any CPU
		{CD5E1E2A-9924-4943-B408-E117DEB36870}.Debug|x64.ActiveCfg = Debug|Any CPU
		{CD5E1E2A-9924-4943-B408-E117DEB36870}.Debug|x64.Build.0 = Debug|Any CPU
		{CD5E1E2A-9924-4943-B408-E117DEB36870}.Debug|x64.Deploy.0 = Debug|Any CPU
		{CD5E1E2A-9924-4943-B408-E117DEB36870}.Debug|x86.ActiveCfg = Debug|Any CPU
		{CD5E1E2A-9924-4943-B408-E117DEB36870}.Debug|x86.Build.0 = Debug|Any CPU
		{CD5E1E2A-9924-4943-B408-E117DEB36870}.Debug|x86.Deploy.0 = Debug|Any CPU
		{CD5E1E2A-9924-4943-B408-E117DEB36870}.Release|Any CPU.ActiveCfg = Release|Any CPU
		{CD5E1E2A-9924-4943-B408-E117DEB36870}.Release|Any CPU.Build.0 = Release|Any CPU
		{CD5E1E2A-9924-4943-B408-E117DEB36870}.Release|Any CPU.Deploy.0 = Release|Any CPU
		{CD5E1E2A-9924-4943-B408-E117DEB36870}.Release|ARM.ActiveCfg = Release|Any CPU
		{CD5E1E2A-9924-4943-B408-E117DEB36870}.Release|ARM.Build.0 = Release|Any CPU
		{CD5E1E2A-9924-4943-B408-E117DEB36870}.Release|ARM.Deploy.0 = Release|Any CPU
		{CD5E1E2A-9924-4943-B408-E117DEB36870}.Release|iPhone.ActiveCfg = Release|Any CPU
		{CD5E1E2A-9924-4943-B408-E117DEB36870}.Release|iPhone.Build.0 = Release|Any CPU
		{CD5E1E2A-9924-4943-B408-E117DEB36870}.Release|iPhone.Deploy.0 = Release|Any CPU
		{CD5E1E2A-9924-4943-B408-E117DEB36870}.Release|iPhoneSimulator.ActiveCfg = Release|Any CPU
		{CD5E1E2A-9924-4943-B408-E117DEB36870}.Release|iPhoneSimulator.Build.0 = Release|Any CPU
		{CD5E1E2A-9924-4943-B408-E117DEB36870}.Release|iPhoneSimulator.Deploy.0 = Release|Any CPU
		{CD5E1E2A-9924-4943-B408-E117DEB36870}.Release|x64.ActiveCfg = Release|Any CPU
		{CD5E1E2A-9924-4943-B408-E117DEB36870}.Release|x64.Build.0 = Release|Any CPU
		{CD5E1E2A-9924-4943-B408-E117DEB36870}.Release|x64.Deploy.0 = Release|Any CPU
		{CD5E1E2A-9924-4943-B408-E117DEB36870}.Release|x86.ActiveCfg = Release|Any CPU
		{CD5E1E2A-9924-4943-B408-E117DEB36870}.Release|x86.Build.0 = Release|Any CPU
		{CD5E1E2A-9924-4943-B408-E117DEB36870}.Release|x86.Deploy.0 = Release|Any CPU
	EndGlobalSection
	GlobalSection(SolutionProperties) = preSolution
		HideSolutionNode = FALSE
	EndGlobalSection
	GlobalSection(ExtensibilityGlobals) = postSolution
		SolutionGuid = {AD9DC209-9F17-4842-AAEF-4CE5EAD48E72}
	EndGlobalSection
EndGlobal
